// !$*UTF8*$!
{
	archiveVersion = 1;
	classes = {
	};
	objectVersion = 46;
	objects = {

/* Begin PBXBuildFile section */
		6684029B1526C12500EC62D9 /* UIKit.framework in Frameworks */ = {isa = PBXBuildFile; fileRef = 6684029A1526C12500EC62D9 /* UIKit.framework */; };
		6684029D1526C12500EC62D9 /* Foundation.framework in Frameworks */ = {isa = PBXBuildFile; fileRef = 6684029C1526C12500EC62D9 /* Foundation.framework */; };
		6684029F1526C12500EC62D9 /* CoreGraphics.framework in Frameworks */ = {isa = PBXBuildFile; fileRef = 6684029E1526C12500EC62D9 /* CoreGraphics.framework */; };
		668402A51526C12600EC62D9 /* InfoPlist.strings in Resources */ = {isa = PBXBuildFile; fileRef = 668402A31526C12600EC62D9 /* InfoPlist.strings */; };
		668402A71526C12600EC62D9 /* main.m in Sources */ = {isa = PBXBuildFile; fileRef = 668402A61526C12600EC62D9 /* main.m */; };
		668402AB1526C12600EC62D9 /* AppDelegate.m in Sources */ = {isa = PBXBuildFile; fileRef = 668402AA1526C12600EC62D9 /* AppDelegate.m */; };
		668402AE1526C12600EC62D9 /* MainStoryboard.storyboard in Resources */ = {isa = PBXBuildFile; fileRef = 668402AC1526C12600EC62D9 /* MainStoryboard.storyboard */; };
		668402B11526C12600EC62D9 /* FirstViewController.m in Sources */ = {isa = PBXBuildFile; fileRef = 668402B01526C12600EC62D9 /* FirstViewController.m */; };
		668402B31526C12600EC62D9 /* first.png in Resources */ = {isa = PBXBuildFile; fileRef = 668402B21526C12600EC62D9 /* first.png */; };
		668402B51526C12600EC62D9 /* first@2x.png in Resources */ = {isa = PBXBuildFile; fileRef = 668402B41526C12600EC62D9 /* first@2x.png */; };
		668402B81526C12600EC62D9 /* SecondViewController.m in Sources */ = {isa = PBXBuildFile; fileRef = 668402B71526C12600EC62D9 /* SecondViewController.m */; };
		668402BA1526C12600EC62D9 /* second.png in Resources */ = {isa = PBXBuildFile; fileRef = 668402B91526C12600EC62D9 /* second.png */; };
		668402BC1526C12600EC62D9 /* second@2x.png in Resources */ = {isa = PBXBuildFile; fileRef = 668402BB1526C12600EC62D9 /* second@2x.png */; };
/* End PBXBuildFile section */

/* Begin PBXFileReference section */
		668402961526C12500EC62D9 /* SBTabDataSend.app */ = {isa = PBXFileReference; explicitFileType = wrapper.application; includeInIndex = 0; path = SBTabDataSend.app; sourceTree = BUILT_PRODUCTS_DIR; };
		6684029A1526C12500EC62D9 /* UIKit.framework */ = {isa = PBXFileReference; lastKnownFileType = wrapper.framework; name = UIKit.framework; path = System/Library/Frameworks/UIKit.framework; sourceTree = SDKROOT; };
		6684029C1526C12500EC62D9 /* Foundation.framework */ = {isa = PBXFileReference; lastKnownFileType = wrapper.framework; name = Foundation.framework; path = System/Library/Frameworks/Foundation.framework; sourceTree = SDKROOT; };
		6684029E1526C12500EC62D9 /* CoreGraphics.framework */ = {isa = PBXFileReference; lastKnownFileType = wrapper.framework; name = CoreGraphics.framework; path = System/Library/Frameworks/CoreGraphics.framework; sourceTree = SDKROOT; };
		668402A21526C12600EC62D9 /* SBTabDataSend-Info.plist */ = {isa = PBXFileReference; path = "SBTabDataSend-Info.plist"; sourceTree = "<group>"; };
		668402A41526C12600EC62D9 /* en */ = {isa = PBXFileReference; lastKnownFileType = text.plist.strings; name = en; path = en.lproj/InfoPlist.strings; sourceTree = "<group>"; };
		668402A61526C12600EC62D9 /* main.m */ = {isa = PBXFileReference; lastKnownFileType = sourcecode.c.objc; path = main.m; sourceTree = "<group>"; };
		668402A81526C12600EC62D9 /* SBTabDataSend-Prefix.pch */ = {isa = PBXFileReference; path = "SBTabDataSend-Prefix.pch"; sourceTree = "<group>"; };
		668402A91526C12600EC62D9 /* AppDelegate.h */ = {isa = PBXFileReference; path = AppDelegate.h; sourceTree = "<group>"; };
		668402AA1526C12600EC62D9 /* AppDelegate.m */ = {isa = PBXFileReference; lastKnownFileType = sourcecode.c.objc; path = AppDelegate.m; sourceTree = "<group>"; };
		668402AD1526C12600EC62D9 /* en */ = {isa = PBXFileReference; lastKnownFileType = file.storyboard; name = en; path = en.lproj/MainStoryboard.storyboard; sourceTree = "<group>"; };
		668402AF1526C12600EC62D9 /* FirstViewController.h */ = {isa = PBXFileReference; path = FirstViewController.h; sourceTree = "<group>"; };
		668402B01526C12600EC62D9 /* FirstViewController.m */ = {isa = PBXFileReference; lastKnownFileType = sourcecode.c.objc; path = FirstViewController.m; sourceTree = "<group>"; };
		668402B21526C12600EC62D9 /* first.png */ = {isa = PBXFileReference; lastKnownFileType = image.png; path = first.png; sourceTree = "<group>"; };
		668402B41526C12600EC62D9 /* first@2x.png */ = {isa = PBXFileReference; lastKnownFileType = image.png; path = "first@2x.png"; sourceTree = "<group>"; };
		668402B61526C12600EC62D9 /* SecondViewController.h */ = {isa = PBXFileReference; path = SecondViewController.h; sourceTree = "<group>"; };
		668402B71526C12600EC62D9 /* SecondViewController.m */ = {isa = PBXFileReference; lastKnownFileType = sourcecode.c.objc; path = SecondViewController.m; sourceTree = "<group>"; };
		668402B91526C12600EC62D9 /* second.png */ = {isa = PBXFileReference; lastKnownFileType = image.png; path = second.png; sourceTree = "<group>"; };
		668402BB1526C12600EC62D9 /* second@2x.png */ = {isa = PBXFileReference; lastKnownFileType = image.png; path = "second@2x.png"; sourceTree = "<group>"; };
/* End PBXFileReference section */

/* Begin PBXFrameworksBuildPhase section */
		668402931526C12500EC62D9 /* Frameworks */ = {
			isa = PBXFrameworksBuildPhase;
			buildActionMask = 2147483647;
			files = (
				6684029B1526C12500EC62D9 /* UIKit.framework in Frameworks */,
				6684029D1526C12500EC62D9 /* Foundation.framework in Frameworks */,
				6684029F1526C12500EC62D9 /* CoreGraphics.framework in Frameworks */,
			);
			runOnlyForDeploymentPostprocessing = 0;
		};
/* End PBXFrameworksBuildPhase section */

/* Begin PBXGroup section */
		6684028B1526C12500EC62D9 = {
			isa = PBXGroup;
			children = (
				668402A01526C12500EC62D9 /* SBTabDataSend */,
				668402991526C12500EC62D9 /* Frameworks */,
				668402971526C12500EC62D9 /* Products */,
			);
			sourceTree = "<group>";
		};
		668402971526C12500EC62D9 /* Products */ = {
			isa = PBXGroup;
			children = (
				668402961526C12500EC62D9 /* SBTabDataSend.app */,
			);
			name = Products;
			sourceTree = "<group>";
		};
		668402991526C12500EC62D9 /* Frameworks */ = {
			isa = PBXGroup;
			children = (
				6684029A1526C12500EC62D9 /* UIKit.framework */,
				6684029C1526C12500EC62D9 /* Foundation.framework */,
				6684029E1526C12500EC62D9 /* CoreGraphics.framework */,
			);
			name = Frameworks;
			sourceTree = "<group>";
		};
		668402A01526C12500EC62D9 /* SBTabDataSend */ = {
			isa = PBXGroup;
			children = (
				668402A91526C12600EC62D9 /* AppDelegate.h */,
				668402AA1526C12600EC62D9 /* AppDelegate.m */,
				668402AC1526C12600EC62D9 /* MainStoryboard.storyboard */,
				668402AF1526C12600EC62D9 /* FirstViewController.h */,
				668402B01526C12600EC62D9 /* FirstViewController.m */,
				668402B21526C12600EC62D9 /* first.png */,
				668402B41526C12600EC62D9 /* first@2x.png */,
				668402B61526C12600EC62D9 /* SecondViewController.h */,
				668402B71526C12600EC62D9 /* SecondViewController.m */,
				668402B91526C12600EC62D9 /* second.png */,
				668402BB1526C12600EC62D9 /* second@2x.png */,
				668402A11526C12600EC62D9 /* Supporting Files */,
			);
			path = SBTabDataSend;
			sourceTree = "<group>";
		};
		668402A11526C12600EC62D9 /* Supporting Files */ = {
			isa = PBXGroup;
			children = (
				668402A21526C12600EC62D9 /* SBTabDataSend-Info.plist */,
				668402A31526C12600EC62D9 /* InfoPlist.strings */,
				668402A61526C12600EC62D9 /* main.m */,
				668402A81526C12600EC62D9 /* SBTabDataSend-Prefix.pch */,
			);
			name = "Supporting Files";
			sourceTree = "<group>";
		};
/* End PBXGroup section */

/* Begin PBXNativeTarget section */
		668402951526C12500EC62D9 /* SBTabDataSend */ = {
			isa = PBXNativeTarget;
			buildConfigurationList = 668402BF1526C12600EC62D9 /* Build configuration list for PBXNativeTarget "SBTabDataSend" */;
			buildPhases = (
				668402921526C12500EC62D9 /* Sources */,
				668402931526C12500EC62D9 /* Frameworks */,
				668402941526C12500EC62D9 /* Resources */,
			);
			buildRules = (
			);
			dependencies = (
			);
			name = SBTabDataSend;
			productName = SBTabDataSend;
			productReference = 668402961526C12500EC62D9 /* SBTabDataSend.app */;
			productType = "com.apple.product-type.application";
		};
/* End PBXNativeTarget section */

/* Begin PBXProject section */
		6684028D1526C12500EC62D9 /* Project object */ = {
			isa = PBXProject;
			attributes = {
				LastUpgradeCheck = 0420;
			};
			buildConfigurationList = 668402901526C12500EC62D9 /* Build configuration list for PBXProject "SBTabDataSend" */;
			compatibilityVersion = "Xcode 3.2";
			developmentRegion = English;
			hasScannedForEncodings = 0;
			knownRegions = (
				en,
			);
			mainGroup = 6684028B1526C12500EC62D9;
			productRefGroup = 668402971526C12500EC62D9 /* Products */;
			projectDirPath = "";
			projectRoot = "";
			targets = (
				668402951526C12500EC62D9 /* SBTabDataSend */,
			);
		};
/* End PBXProject section */

/* Begin PBXResourcesBuildPhase section */
		668402941526C12500EC62D9 /* Resources */ = {
			isa = PBXResourcesBuildPhase;
			buildActionMask = 2147483647;
			files = (
				668402A51526C12600EC62D9 /* InfoPlist.strings in Resources */,
				668402AE1526C12600EC62D9 /* MainStoryboard.storyboard in Resources */,
				668402B31526C12600EC62D9 /* first.png in Resources */,
				668402B51526C12600EC62D9 /* first@2x.png in Resources */,
				668402BA1526C12600EC62D9 /* second.png in Resources */,
				668402BC1526C12600EC62D9 /* second@2x.png in Resources */,
			);
			runOnlyForDeploymentPostprocessing = 0;
		};
/* End PBXResourcesBuildPhase section */

/* Begin PBXSourcesBuildPhase section */
		668402921526C12500EC62D9 /* Sources */ = {
			isa = PBXSourcesBuildPhase;
			buildActionMask = 2147483647;
			files = (
				668402A71526C12600EC62D9 /* main.m in Sources */,
				668402AB1526C12600EC62D9 /* AppDelegate.m in Sources */,
				668402B11526C12600EC62D9 /* FirstViewController.m in Sources */,
				668402B81526C12600EC62D9 /* SecondViewController.m in Sources */,
			);
			runOnlyForDeploymentPostprocessing = 0;
		};
/* End PBXSourcesBuildPhase section */

/* Begin PBXVariantGroup section */
		668402A31526C12600EC62D9 /* InfoPlist.strings */ = {
			isa = PBXVariantGroup;
			children = (
				668402A41526C12600EC62D9 /* en */,
			);
			name = InfoPlist.strings;
			sourceTree = "<group>";
		};
		668402AC1526C12600EC62D9 /* MainStoryboard.storyboard */ = {
			isa = PBXVariantGroup;
			children = (
				668402AD1526C12600EC62D9 /* en */,
			);
			name = MainStoryboard.storyboard;
			sourceTree = "<group>";
		};
/* End PBXVariantGroup section */

/* Begin XCBuildConfiguration section */
		668402BD1526C12600EC62D9 /* Debug */ = {
			isa = XCBuildConfiguration;
			buildSettings = {
				ALWAYS_SEARCH_USER_PATHS = NO;
				ARCHS = "$(ARCHS_STANDARD_32_BIT)";
				CLANG_ENABLE_OBJC_ARC = YES;
				"CODE_SIGN_IDENTITY[sdk=iphoneos*]" = "iPhone Developer";
				COPY_PHASE_STRIP = NO;
				GCC_C_LANGUAGE_STANDARD = gnu99;
				GCC_DYNAMIC_NO_PIC = NO;
				GCC_OPTIMIZATION_LEVEL = 0;
				GCC_PREPROCESSOR_DEFINITIONS = (
					"DEBUG=1",
					"$(inherited)",
				);
				GCC_SYMBOLS_PRIVATE_EXTERN = NO;
				GCC_VERSION = com.apple.compilers.llvm.clang.1_0;
				GCC_WARN_ABOUT_MISSING_PROTOTYPES = YES;
				GCC_WARN_ABOUT_RETURN_TYPE = YES;
				GCC_WARN_UNUSED_VARIABLE = YES;
				IPHONEOS_DEPLOYMENT_TARGET = 5.0;
				SDKROOT = iphoneos;
			};
			name = Debug;
		};
		668402BE1526C12600EC62D9 /* Release */ = {
			isa = XCBuildConfiguration;
			buildSettings = {
				ALWAYS_SEARCH_USER_PATHS = NO;
				ARCHS = "$(ARCHS_STANDARD_32_BIT)";
				CLANG_ENABLE_OBJC_ARC = YES;
				"CODE_SIGN_IDENTITY[sdk=iphoneos*]" = "iPhone Developer";
				COPY_PHASE_STRIP = YES;
				GCC_C_LANGUAGE_STANDARD = gnu99;
				GCC_VERSION = com.apple.compilers.llvm.clang.1_0;
				GCC_WARN_ABOUT_MISSING_PROTOTYPES = YES;
				GCC_WARN_ABOUT_RETURN_TYPE = YES;
				GCC_WARN_UNUSED_VARIABLE = YES;
				IPHONEOS_DEPLOYMENT_TARGET = 5.0;
				OTHER_CFLAGS = "-DNS_BLOCK_ASSERTIONS=1";
				SDKROOT = iphoneos;
				VALIDATE_PRODUCT = YES;
			};
			name = Release;
		};
		668402C01526C12600EC62D9 /* Debug */ = {
			isa = XCBuildConfiguration;
			buildSettings = {
				GCC_PRECOMPILE_PREFIX_HEADER = YES;
				GCC_PREFIX_HEADER = "SBTabDataSend/SBTabDataSend-Prefix.pch";
				INFOPLIST_FILE = "SBTabDataSend/SBTabDataSend-Info.plist";
				PRODUCT_NAME = "$(TARGET_NAME)";
				WRAPPER_EXTENSION = app;
			};
			name = Debug;
		};
		668402C11526C12600EC62D9 /* Release */ = {
			isa = XCBuildConfiguration;
			buildSettings = {
				GCC_PRECOMPILE_PREFIX_HEADER = YES;
				GCC_PREFIX_HEADER = "SBTabDataSend/SBTabDataSend-Prefix.pch";
				INFOPLIST_FILE = "SBTabDataSend/SBTabDataSend-Info.plist";
				PRODUCT_NAME = "$(TARGET_NAME)";
				WRAPPER_EXTENSION = app;
			};
			name = Release;
		};
/* End XCBuildConfiguration section */

/* Begin XCConfigurationList section */
		668402901526C12500EC62D9 /* Build configuration list for PBXProject "SBTabDataSend" */ = {
			isa = XCConfigurationList;
			buildConfigurations = (
				668402BD1526C12600EC62D9 /* Debug */,
				668402BE1526C12600EC62D9 /* Release */,
			);
			defaultConfigurationIsVisible = 0;
			defaultConfigurationName = Release;
		};
		668402BF1526C12600EC62D9 /* Build configuration list for PBXNativeTarget "SBTabDataSend" */ = {
			isa = XCConfigurationList;
			buildConfigurations = (
				668402C01526C12600EC62D9 /* Debug */,
				668402C11526C12600EC62D9 /* Release */,
			);
			defaultConfigurationIsVisible = 0;
		};
/* End XCConfigurationList section */
	};
	rootObject = 6684028D1526C12500EC62D9 /* Project object */;
}
